
Microsoft Visual Studio Solution File, Format Version 12.00
# Visual Studio 15
VisualStudioVersion = 15.0.27004.2005
MinimumVisualStudioVersion = 10.0.40219.1
Project("{FAE04EC0-301F-11D3-BF4B-00C04F79EFBC}") = "Angular2Demo.WebAppi", "Angular2Demo.WebAppi\Angular2Demo.WebAppi.csproj", "{A73BDE3D-51E2-4B92-AAC8-11F02909D362}"
EndProject
Project("{FAE04EC0-301F-11D3-BF4B-00C04F79EFBC}") = "Angular2Demo.Models", "Angular2Demo.Models\Angular2Demo.Models.csproj", "{56FF1D98-FC21-4988-93EF-6F455825D531}"
EndProject
Project("{FAE04EC0-301F-11D3-BF4B-00C04F79EFBC}") = "Angular2Demo.Client", "Angular2Demo.Client\Angular2Demo.Client.csproj", "{2025A0EC-594D-4F7E-9E6B-8792C8F948DD}"
EndProject
Global
	GlobalSection(SolutionConfigurationPlatforms) = preSolution
		Debug|Any CPU = Debug|Any CPU
		Release|Any CPU = Release|Any CPU
	EndGlobalSection
	GlobalSection(ProjectConfigurationPlatforms) = postSolution
		{A73BDE3D-51E2-4B92-AAC8-11F02909D362}.Debug|Any CPU.ActiveCfg = Debug|Any CPU
		{A73BDE3D-51E2-4B92-AAC8-11F02909D362}.Debug|Any CPU.Build.0 = Debug|Any CPU
		{A73BDE3D-51E2-4B92-AAC8-11F02909D362}.Release|Any CPU.ActiveCfg = Release|Any CPU
		{A73BDE3D-51E2-4B92-AAC8-11F02909D362}.Release|Any CPU.Build.0 = Release|Any CPU
		{56FF1D98-FC21-4988-93EF-6F455825D531}.Debug|Any CPU.ActiveCfg = Debug|Any CPU
		{56FF1D98-FC21-4988-93EF-6F455825D531}.Debug|Any CPU.Build.0 = Debug|Any CPU
		{56FF1D98-FC21-4988-93EF-6F455825D531}.Release|Any CPU.ActiveCfg = Release|Any CPU
		{56FF1D98-FC21-4988-93EF-6F455825D531}.Release|Any CPU.Build.0 = Release|Any CPU
		{2025A0EC-594D-4F7E-9E6B-8792C8F948DD}.Debug|Any CPU.ActiveCfg = Debug|Any CPU
		{2025A0EC-594D-4F7E-9E6B-8792C8F948DD}.Debug|Any CPU.Build.0 = Debug|Any CPU
		{2025A0EC-594D-4F7E-9E6B-8792C8F948DD}.Release|Any CPU.ActiveCfg = Release|Any CPU
		{2025A0EC-594D-4F7E-9E6B-8792C8F948DD}.Release|Any CPU.Build.0 = Release|Any CPU
	EndGlobalSection
	GlobalSection(SolutionProperties) = preSolution
		HideSolutionNode = FALSE
	EndGlobalSection
	GlobalSection(ExtensibilityGlobals) = postSolution
		SolutionGuid = {7D52D046-B5B9-4BD4-BB14-AAFF85E42A34}
	EndGlobalSection
EndGlobal
